
Microsoft Visual Studio Solution File, Format Version 12.00
# Visual Studio Version 17
VisualStudioVersion = 17.12.35527.113
MinimumVisualStudioVersion = 10.0.40219.1
Project("{FAE04EC0-301F-11D3-BF4B-00C04F79EFBC}") = "StocksApp.API", "src\StocksApp.API\StocksApp.API.csproj", "{2CA7BF69-40F4-419A-8991-7B88D6F4D081}"
EndProject
Project("{FAE04EC0-301F-11D3-BF4B-00C04F79EFBC}") = "StocksApp.Application", "src\StocksApp.Application\StocksApp.Application.csproj", "{C30677D8-8860-4FAC-A9C1-4F00D0F790B2}"
EndProject
Project("{FAE04EC0-301F-11D3-BF4B-00C04F79EFBC}") = "StocksApp.Domain", "src\StocksApp.Domain\StocksApp.Domain.csproj", "{E740B838-D807-4F5E-998A-5AA8C56A71F3}"
EndProject
Project("{FAE04EC0-301F-11D3-BF4B-00C04F79EFBC}") = "StocksApp.Infrastructure", "src\StocksApp.Infrastructure\StocksApp.Infrastructure.csproj", "{085363F5-B2FF-49FE-9A67-58BCDFC2931C}"
EndProject
Project("{FAE04EC0-301F-11D3-BF4B-00C04F79EFBC}") = "StocksApp.UnitTests", "tests\StocksApp.UnitTests\StocksApp.UnitTests.csproj", "{BBAFE82D-8D7B-4048-936A-0A59E40A8C16}"
EndProject
Global
	GlobalSection(SolutionConfigurationPlatforms) = preSolution
		Debug|Any CPU = Debug|Any CPU
		Release|Any CPU = Release|Any CPU
	EndGlobalSection
	GlobalSection(ProjectConfigurationPlatforms) = postSolution
		{2CA7BF69-40F4-419A-8991-7B88D6F4D081}.Debug|Any CPU.ActiveCfg = Debug|Any CPU
		{2CA7BF69-40F4-419A-8991-7B88D6F4D081}.Debug|Any CPU.Build.0 = Debug|Any CPU
		{2CA7BF69-40F4-419A-8991-7B88D6F4D081}.Release|Any CPU.ActiveCfg = Release|Any CPU
		{2CA7BF69-40F4-419A-8991-7B88D6F4D081}.Release|Any CPU.Build.0 = Release|Any CPU
		{C30677D8-8860-4FAC-A9C1-4F00D0F790B2}.Debug|Any CPU.ActiveCfg = Debug|Any CPU
		{C30677D8-8860-4FAC-A9C1-4F00D0F790B2}.Debug|Any CPU.Build.0 = Debug|Any CPU
		{C30677D8-8860-4FAC-A9C1-4F00D0F790B2}.Release|Any CPU.ActiveCfg = Release|Any CPU
		{C30677D8-8860-4FAC-A9C1-4F00D0F790B2}.Release|Any CPU.Build.0 = Release|Any CPU
		{E740B838-D807-4F5E-998A-5AA8C56A71F3}.Debug|Any CPU.ActiveCfg = Debug|Any CPU
		{E740B838-D807-4F5E-998A-5AA8C56A71F3}.Debug|Any CPU.Build.0 = Debug|Any CPU
		{E740B838-D807-4F5E-998A-5AA8C56A71F3}.Release|Any CPU.ActiveCfg = Release|Any CPU
		{E740B838-D807-4F5E-998A-5AA8C56A71F3}.Release|Any CPU.Build.0 = Release|Any CPU
		{085363F5-B2FF-49FE-9A67-58BCDFC2931C}.Debug|Any CPU.ActiveCfg = Debug|Any CPU
		{085363F5-B2FF-49FE-9A67-58BCDFC2931C}.Debug|Any CPU.Build.0 = Debug|Any CPU
		{085363F5-B2FF-49FE-9A67-58BCDFC2931C}.Release|Any CPU.ActiveCfg = Release|Any CPU
		{085363F5-B2FF-49FE-9A67-58BCDFC2931C}.Release|Any CPU.Build.0 = Release|Any CPU
		{BBAFE82D-8D7B-4048-936A-0A59E40A8C16}.Debug|Any CPU.ActiveCfg = Debug|Any CPU
		{BBAFE82D-8D7B-4048-936A-0A59E40A8C16}.Debug|Any CPU.Build.0 = Debug|Any CPU
		{BBAFE82D-8D7B-4048-936A-0A59E40A8C16}.Release|Any CPU.ActiveCfg = Release|Any CPU
		{BBAFE82D-8D7B-4048-936A-0A59E40A8C16}.Release|Any CPU.Build.0 = Release|Any CPU
	EndGlobalSection
	GlobalSection(SolutionProperties) = preSolution
		HideSolutionNode = FALSE
	EndGlobalSection
EndGlobal
